
Microsoft Visual Studio Solution File, Format Version 12.00
# Visual Studio Version 17
VisualStudioVersion = 17.5.002.0
MinimumVisualStudioVersion = 10.0.40219.1
Project("{9A19103F-16F7-4668-BE54-9A1E7A4F7556}") = "BiblioTech.Api", "BiblioTech.Api\BiblioTech.Api.csproj", "{C8CE7E7F-F6FB-4465-BCEF-9284020CC225}"
EndProject
Project("{9A19103F-16F7-4668-BE54-9A1E7A4F7556}") = "BiblioTech.Test", "BiblioTech.Test\BiblioTech.Test.csproj", "{C4A921A0-A108-48DF-B518-88A49500521B}"
EndProject
Project("{2150E333-8FDC-42A3-9474-1A3956D46DE8}") = "Solution Items", "Solution Items", "{A5B7C8CB-F0A8-437E-B8A9-FEBC2265407D}"
	ProjectSection(SolutionItems) = preProject
		Database\Dockerfile = Database\Dockerfile
		Database\filldata.sql = Database\filldata.sql
	EndProjectSection
EndProject
Project("{FAE04EC0-301F-11D3-BF4B-00C04F79EFBC}") = "BiblioTech.Domain", "BiblioTech.Domain\BiblioTech.Domain.csproj", "{229D4224-DB0A-4DFB-BF28-71A5C492DBF7}"
EndProject
Project("{FAE04EC0-301F-11D3-BF4B-00C04F79EFBC}") = "BiblioTech.Data", "BiblioTech.Data\BiblioTech.Data.csproj", "{CEECC173-55D4-4CF7-A100-62DCB3CB5473}"
EndProject
Project("{FAE04EC0-301F-11D3-BF4B-00C04F79EFBC}") = "BiblioTech.Services", "BiblioTech.Services\BiblioTech.Services.csproj", "{CF621AA6-7575-4B58-A73D-6C23AB5AAE0B}"
EndProject
Global
	GlobalSection(SolutionConfigurationPlatforms) = preSolution
		Debug|Any CPU = Debug|Any CPU
		Release|Any CPU = Release|Any CPU
	EndGlobalSection
	GlobalSection(ProjectConfigurationPlatforms) = postSolution
		{C8CE7E7F-F6FB-4465-BCEF-9284020CC225}.Debug|Any CPU.ActiveCfg = Debug|Any CPU
		{C8CE7E7F-F6FB-4465-BCEF-9284020CC225}.Debug|Any CPU.Build.0 = Debug|Any CPU
		{C8CE7E7F-F6FB-4465-BCEF-9284020CC225}.Release|Any CPU.ActiveCfg = Release|Any CPU
		{C8CE7E7F-F6FB-4465-BCEF-9284020CC225}.Release|Any CPU.Build.0 = Release|Any CPU
		{C4A921A0-A108-48DF-B518-88A49500521B}.Debug|Any CPU.ActiveCfg = Debug|Any CPU
		{C4A921A0-A108-48DF-B518-88A49500521B}.Debug|Any CPU.Build.0 = Debug|Any CPU
		{C4A921A0-A108-48DF-B518-88A49500521B}.Release|Any CPU.ActiveCfg = Release|Any CPU
		{C4A921A0-A108-48DF-B518-88A49500521B}.Release|Any CPU.Build.0 = Release|Any CPU
		{229D4224-DB0A-4DFB-BF28-71A5C492DBF7}.Debug|Any CPU.ActiveCfg = Debug|Any CPU
		{229D4224-DB0A-4DFB-BF28-71A5C492DBF7}.Debug|Any CPU.Build.0 = Debug|Any CPU
		{229D4224-DB0A-4DFB-BF28-71A5C492DBF7}.Release|Any CPU.ActiveCfg = Release|Any CPU
		{229D4224-DB0A-4DFB-BF28-71A5C492DBF7}.Release|Any CPU.Build.0 = Release|Any CPU
		{CEECC173-55D4-4CF7-A100-62DCB3CB5473}.Debug|Any CPU.ActiveCfg = Debug|Any CPU
		{CEECC173-55D4-4CF7-A100-62DCB3CB5473}.Debug|Any CPU.Build.0 = Debug|Any CPU
		{CEECC173-55D4-4CF7-A100-62DCB3CB5473}.Release|Any CPU.ActiveCfg = Release|Any CPU
		{CEECC173-55D4-4CF7-A100-62DCB3CB5473}.Release|Any CPU.Build.0 = Release|Any CPU
		{CF621AA6-7575-4B58-A73D-6C23AB5AAE0B}.Debug|Any CPU.ActiveCfg = Debug|Any CPU
		{CF621AA6-7575-4B58-A73D-6C23AB5AAE0B}.Debug|Any CPU.Build.0 = Debug|Any CPU
		{CF621AA6-7575-4B58-A73D-6C23AB5AAE0B}.Release|Any CPU.ActiveCfg = Release|Any CPU
		{CF621AA6-7575-4B58-A73D-6C23AB5AAE0B}.Release|Any CPU.Build.0 = Release|Any CPU
	EndGlobalSection
	GlobalSection(SolutionProperties) = preSolution
		HideSolutionNode = FALSE
	EndGlobalSection
	GlobalSection(ExtensibilityGlobals) = postSolution
		SolutionGuid = {8CCF2D28-05F1-44C7-B812-FAF90F86A765}
	EndGlobalSection
EndGlobal
